
Microsoft Visual Studio Solution File, Format Version 12.00
# Visual Studio Version 16
VisualStudioVersion = 16.0.31613.86
MinimumVisualStudioVersion = 10.0.40219.1
Project("{9A19103F-16F7-4668-BE54-9A1E7A4F7556}") = "MainApplicationConsole", "MainApplicationConsole\MainApplicationConsole.csproj", "{FE95241F-F005-41A0-9EA4-39661722DDB2}"
EndProject
Project("{9A19103F-16F7-4668-BE54-9A1E7A4F7556}") = "CustomClassesLibrary", "CustomClassesLibrary\CustomClassesLibrary.csproj", "{546688A9-6A5F-45D5-B1D8-6CDD3F625524}"
EndProject
Project("{FAE04EC0-301F-11D3-BF4B-00C04F79EFBC}") = "ParallelConsoleApp", "Parallel\ParallelConsoleApp.csproj", "{5A70F121-9105-43A9-A957-0AA45AAAB9A4}"
EndProject
Global
	GlobalSection(SolutionConfigurationPlatforms) = preSolution
		Debug|Any CPU = Debug|Any CPU
		Release|Any CPU = Release|Any CPU
	EndGlobalSection
	GlobalSection(ProjectConfigurationPlatforms) = postSolution
		{FE95241F-F005-41A0-9EA4-39661722DDB2}.Debug|Any CPU.ActiveCfg = Debug|Any CPU
		{FE95241F-F005-41A0-9EA4-39661722DDB2}.Debug|Any CPU.Build.0 = Debug|Any CPU
		{FE95241F-F005-41A0-9EA4-39661722DDB2}.Release|Any CPU.ActiveCfg = Release|Any CPU
		{FE95241F-F005-41A0-9EA4-39661722DDB2}.Release|Any CPU.Build.0 = Release|Any CPU
		{546688A9-6A5F-45D5-B1D8-6CDD3F625524}.Debug|Any CPU.ActiveCfg = Debug|Any CPU
		{546688A9-6A5F-45D5-B1D8-6CDD3F625524}.Debug|Any CPU.Build.0 = Debug|Any CPU
		{546688A9-6A5F-45D5-B1D8-6CDD3F625524}.Release|Any CPU.ActiveCfg = Release|Any CPU
		{546688A9-6A5F-45D5-B1D8-6CDD3F625524}.Release|Any CPU.Build.0 = Release|Any CPU
		{5A70F121-9105-43A9-A957-0AA45AAAB9A4}.Debug|Any CPU.ActiveCfg = Debug|Any CPU
		{5A70F121-9105-43A9-A957-0AA45AAAB9A4}.Debug|Any CPU.Build.0 = Debug|Any CPU
		{5A70F121-9105-43A9-A957-0AA45AAAB9A4}.Release|Any CPU.ActiveCfg = Release|Any CPU
		{5A70F121-9105-43A9-A957-0AA45AAAB9A4}.Release|Any CPU.Build.0 = Release|Any CPU
	EndGlobalSection
	GlobalSection(SolutionProperties) = preSolution
		HideSolutionNode = FALSE
	EndGlobalSection
	GlobalSection(ExtensibilityGlobals) = postSolution
		SolutionGuid = {4AB7512A-F9E7-4CA4-A1D8-6E7268147C82}
	EndGlobalSection
EndGlobal
